# This file is automatically @generated by Cargo.
# It is not intended for manual editing.
version = 4

[[package]]
name = "chunker"
version = "0.0.1"

[[package]]
name = "condenser"
version = "0.0.1"

[[package]]
name = "embedder"
version = "0.0.1"

[[package]]
name = "mentat"
version = "0.0.1"

[[package]]
name = "mnematode_client"
version = "0.0.1"

[[package]]
name = "planner"
version = "0.0.1"

[[package]]
name = "reasoner"
version = "0.0.1"

[[package]]
name = "retriever"
version = "0.0.1"

[[package]]
name = "store"
version = "0.0.1"
